
Microsoft Visual Studio Solution File, Format Version 12.00
Project("{2150E333-8FDC-42A3-9474-1A3956D46DE8}") = "items", "items", "{0ADEAED5-7D0B-4ECC-995A-AA54CE1AF82D}"
	ProjectSection(SolutionItems) = preProject
		.gitattributes = .gitattributes
		.gitignore = .gitignore
		README.md = README.md
		.editorconfig = .editorconfig
		DotnetTemplate.sln.DotSettings = DotnetTemplate.sln.DotSettings
		nuget.config = nuget.config
	EndProjectSection
EndProject
Project("{FAE04EC0-301F-11D3-BF4B-00C04F79EFBC}") = "DotnetTemplate", "DotnetTemplate\DotnetTemplate.csproj", "{E1D690B6-A216-4055-B415-42DA130F1FAB}"
EndProject
Project("{2150E333-8FDC-42A3-9474-1A3956D46DE8}") = ".github", ".github", "{6E8508F0-6477-4C41-B8A0-BC3F27B6ABF9}"
EndProject
Project("{2150E333-8FDC-42A3-9474-1A3956D46DE8}") = "workflows", "workflows", "{4F59DF04-64F5-45F1-9767-F88CA7C1B8E5}"
	ProjectSection(SolutionItems) = preProject
		.github\workflows\run-build-and-test.yml = .github\workflows\run-build-and-test.yml
		.github\workflows\sonar-scan.yml = .github\workflows\sonar-scan.yml
	EndProjectSection
EndProject
Project("{2150E333-8FDC-42A3-9474-1A3956D46DE8}") = "azure-pipelines", "azure-pipelines", "{BA6EB862-5882-4962-A860-AB65D40C1776}"
	ProjectSection(SolutionItems) = preProject
		azure-pipelines\azure-pipelines.yml = azure-pipelines\azure-pipelines.yml
		azure-pipelines\azure-pipelines-template.yml = azure-pipelines\azure-pipelines-template.yml
		azure-pipelines\azure-pipelines-sonarqube.yml = azure-pipelines\azure-pipelines-sonarqube.yml
		azure-pipelines\coverage.runsettings = azure-pipelines\coverage.runsettings
	EndProjectSection
EndProject
Project("{2150E333-8FDC-42A3-9474-1A3956D46DE8}") = "scripts", "scripts", "{43A8E7D8-A94D-4A9D-AE6A-BE409F9EE5BE}"
	ProjectSection(SolutionItems) = preProject
		scripts\run-sonarcloud-dotnet.sh = scripts\run-sonarcloud-dotnet.sh
	EndProjectSection
EndProject
Project("{FAE04EC0-301F-11D3-BF4B-00C04F79EFBC}") = "DotnetTemplate.Tests", "DotnetTemplate.Tests\DotnetTemplate.Tests.csproj", "{2481B08A-370C-4169-AC2A-F34A8447392F}"
EndProject
Global
	GlobalSection(SolutionConfigurationPlatforms) = preSolution
		Debug|Any CPU = Debug|Any CPU
		Release|Any CPU = Release|Any CPU
	EndGlobalSection
	GlobalSection(ProjectConfigurationPlatforms) = postSolution
		{E1D690B6-A216-4055-B415-42DA130F1FAB}.Debug|Any CPU.ActiveCfg = Debug|Any CPU
		{E1D690B6-A216-4055-B415-42DA130F1FAB}.Debug|Any CPU.Build.0 = Debug|Any CPU
		{E1D690B6-A216-4055-B415-42DA130F1FAB}.Release|Any CPU.ActiveCfg = Release|Any CPU
		{E1D690B6-A216-4055-B415-42DA130F1FAB}.Release|Any CPU.Build.0 = Release|Any CPU
		{2481B08A-370C-4169-AC2A-F34A8447392F}.Debug|Any CPU.ActiveCfg = Debug|Any CPU
		{2481B08A-370C-4169-AC2A-F34A8447392F}.Debug|Any CPU.Build.0 = Debug|Any CPU
		{2481B08A-370C-4169-AC2A-F34A8447392F}.Release|Any CPU.ActiveCfg = Release|Any CPU
		{2481B08A-370C-4169-AC2A-F34A8447392F}.Release|Any CPU.Build.0 = Release|Any CPU
	EndGlobalSection
	GlobalSection(NestedProjects) = preSolution
		{4F59DF04-64F5-45F1-9767-F88CA7C1B8E5} = {6E8508F0-6477-4C41-B8A0-BC3F27B6ABF9}
	EndGlobalSection
EndGlobal
